[tools.node]
version = "22.14.0"
backend = "core:node"

[tools.node.checksums]
"node-v22.14.0-linux-x64.tar.gz" = "sha256:9d942932535988091034dc94cc5f42b6dc8784d6366df3a36c4c9ccb3996f0c2"

[tools.pnpm]
version = "10.3.0"
backend = "aqua:pnpm/pnpm"

[tools.pnpm.checksums]
pnpm-linux-x64 = "sha256:93a692670e72417ad1dce01d785cf2b134289ca19634e37d9db44f590c7de51f"
